
Microsoft Visual Studio Solution File, Format Version 12.00
# Visual Studio Version 16
VisualStudioVersion = 16.0.31112.23
MinimumVisualStudioVersion = 10.0.40219.1
Project("{FAE04EC0-301F-11D3-BF4B-00C04F79EFBC}") = "1. One-dimensional array", "1. One-dimensional array\1. One-dimensional array.csproj", "{D4E9A5B5-D4D5-44D2-8DDD-4E90D54D7C3E}"
EndProject
Project("{FAE04EC0-301F-11D3-BF4B-00C04F79EFBC}") = "2. Average", "2. Average\2. Average.csproj", "{496FAB26-2CE8-4714-9CD8-856AEA6EA807}"
EndProject
Project("{FAE04EC0-301F-11D3-BF4B-00C04F79EFBC}") = "3. Array class methods", "3. Array class methods\3. Array class methods.csproj", "{CBDC9C1B-7CC2-41E5-96BE-A4FB54BDC924}"
EndProject
Project("{FAE04EC0-301F-11D3-BF4B-00C04F79EFBC}") = "4. Two-dimensional array", "4. Two-dimensional array\4. Two-dimensional array.csproj", "{7F0436E6-9CB8-41FC-A827-F42DA146AAE5}"
EndProject
Project("{FAE04EC0-301F-11D3-BF4B-00C04F79EFBC}") = "5. Jagged array", "5. Jagged array\5. Jagged array.csproj", "{2AE589A4-CB54-4769-AFCF-AB1735297C83}"
EndProject
Project("{FAE04EC0-301F-11D3-BF4B-00C04F79EFBC}") = "6. Cycle Foreach", "6. Cycle Foreach\6. Cycle Foreach.csproj", "{EBEB8E13-FBA1-4E7C-8BF9-750E4BABEA7A}"
EndProject
Project("{FAE04EC0-301F-11D3-BF4B-00C04F79EFBC}") = "7. Object String", "7. Object String\7. Object String.csproj", "{80ADAE4C-3FEA-4025-9403-9F9D7A21A2F4}"
EndProject
Global
	GlobalSection(SolutionConfigurationPlatforms) = preSolution
		Debug|Any CPU = Debug|Any CPU
		Release|Any CPU = Release|Any CPU
	EndGlobalSection
	GlobalSection(ProjectConfigurationPlatforms) = postSolution
		{D4E9A5B5-D4D5-44D2-8DDD-4E90D54D7C3E}.Debug|Any CPU.ActiveCfg = Debug|Any CPU
		{D4E9A5B5-D4D5-44D2-8DDD-4E90D54D7C3E}.Debug|Any CPU.Build.0 = Debug|Any CPU
		{D4E9A5B5-D4D5-44D2-8DDD-4E90D54D7C3E}.Release|Any CPU.ActiveCfg = Release|Any CPU
		{D4E9A5B5-D4D5-44D2-8DDD-4E90D54D7C3E}.Release|Any CPU.Build.0 = Release|Any CPU
		{496FAB26-2CE8-4714-9CD8-856AEA6EA807}.Debug|Any CPU.ActiveCfg = Debug|Any CPU
		{496FAB26-2CE8-4714-9CD8-856AEA6EA807}.Debug|Any CPU.Build.0 = Debug|Any CPU
		{496FAB26-2CE8-4714-9CD8-856AEA6EA807}.Release|Any CPU.ActiveCfg = Release|Any CPU
		{496FAB26-2CE8-4714-9CD8-856AEA6EA807}.Release|Any CPU.Build.0 = Release|Any CPU
		{CBDC9C1B-7CC2-41E5-96BE-A4FB54BDC924}.Debug|Any CPU.ActiveCfg = Debug|Any CPU
		{CBDC9C1B-7CC2-41E5-96BE-A4FB54BDC924}.Debug|Any CPU.Build.0 = Debug|Any CPU
		{CBDC9C1B-7CC2-41E5-96BE-A4FB54BDC924}.Release|Any CPU.ActiveCfg = Release|Any CPU
		{CBDC9C1B-7CC2-41E5-96BE-A4FB54BDC924}.Release|Any CPU.Build.0 = Release|Any CPU
		{7F0436E6-9CB8-41FC-A827-F42DA146AAE5}.Debug|Any CPU.ActiveCfg = Debug|Any CPU
		{7F0436E6-9CB8-41FC-A827-F42DA146AAE5}.Debug|Any CPU.Build.0 = Debug|Any CPU
		{7F0436E6-9CB8-41FC-A827-F42DA146AAE5}.Release|Any CPU.ActiveCfg = Release|Any CPU
		{7F0436E6-9CB8-41FC-A827-F42DA146AAE5}.Release|Any CPU.Build.0 = Release|Any CPU
		{2AE589A4-CB54-4769-AFCF-AB1735297C83}.Debug|Any CPU.ActiveCfg = Debug|Any CPU
		{2AE589A4-CB54-4769-AFCF-AB1735297C83}.Debug|Any CPU.Build.0 = Debug|Any CPU
		{2AE589A4-CB54-4769-AFCF-AB1735297C83}.Release|Any CPU.ActiveCfg = Release|Any CPU
		{2AE589A4-CB54-4769-AFCF-AB1735297C83}.Release|Any CPU.Build.0 = Release|Any CPU
		{EBEB8E13-FBA1-4E7C-8BF9-750E4BABEA7A}.Debug|Any CPU.ActiveCfg = Debug|Any CPU
		{EBEB8E13-FBA1-4E7C-8BF9-750E4BABEA7A}.Debug|Any CPU.Build.0 = Debug|Any CPU
		{EBEB8E13-FBA1-4E7C-8BF9-750E4BABEA7A}.Release|Any CPU.ActiveCfg = Release|Any CPU
		{EBEB8E13-FBA1-4E7C-8BF9-750E4BABEA7A}.Release|Any CPU.Build.0 = Release|Any CPU
		{80ADAE4C-3FEA-4025-9403-9F9D7A21A2F4}.Debug|Any CPU.ActiveCfg = Debug|Any CPU
		{80ADAE4C-3FEA-4025-9403-9F9D7A21A2F4}.Debug|Any CPU.Build.0 = Debug|Any CPU
		{80ADAE4C-3FEA-4025-9403-9F9D7A21A2F4}.Release|Any CPU.ActiveCfg = Release|Any CPU
		{80ADAE4C-3FEA-4025-9403-9F9D7A21A2F4}.Release|Any CPU.Build.0 = Release|Any CPU
	EndGlobalSection
	GlobalSection(SolutionProperties) = preSolution
		HideSolutionNode = FALSE
	EndGlobalSection
	GlobalSection(ExtensibilityGlobals) = postSolution
		SolutionGuid = {BAEE4C0C-ADF9-4EE7-8654-0913E3E132A8}
	EndGlobalSection
EndGlobal
